
Microsoft Visual Studio Solution File, Format Version 12.00
# Visual Studio 2013
VisualStudioVersion = 12.0.31101.0
MinimumVisualStudioVersion = 10.0.40219.1
Project("{FAE04EC0-301F-11D3-BF4B-00C04F79EFBC}") = "CSGrande", "CSGrande\CSGrande.csproj", "{A46FCC5F-2B75-4927-AD98-3FE7BBBCF737}"
EndProject
Project("{FAE04EC0-301F-11D3-BF4B-00C04F79EFBC}") = "CSGrande.Benchmark", "CSGrande.Benchmark\CSGrande.Benchmark.csproj", "{95DFF35F-5E1F-4BF4-80F3-C282B4758171}"
EndProject
Project("{2150E333-8FDC-42A3-9474-1A3956D46DE8}") = ".nuget", ".nuget", "{6C779863-C907-4C16-92D7-3F6D2777C9D8}"
	ProjectSection(SolutionItems) = preProject
		.nuget\packages.config = .nuget\packages.config
	EndProjectSection
EndProject
Global
	GlobalSection(SolutionConfigurationPlatforms) = preSolution
		Debug|Any CPU = Debug|Any CPU
		Release|Any CPU = Release|Any CPU
	EndGlobalSection
	GlobalSection(ProjectConfigurationPlatforms) = postSolution
		{A46FCC5F-2B75-4927-AD98-3FE7BBBCF737}.Debug|Any CPU.ActiveCfg = Debug|Any CPU
		{A46FCC5F-2B75-4927-AD98-3FE7BBBCF737}.Debug|Any CPU.Build.0 = Debug|Any CPU
		{A46FCC5F-2B75-4927-AD98-3FE7BBBCF737}.Release|Any CPU.ActiveCfg = Release|Any CPU
		{A46FCC5F-2B75-4927-AD98-3FE7BBBCF737}.Release|Any CPU.Build.0 = Release|Any CPU
		{95DFF35F-5E1F-4BF4-80F3-C282B4758171}.Debug|Any CPU.ActiveCfg = Debug|Any CPU
		{95DFF35F-5E1F-4BF4-80F3-C282B4758171}.Debug|Any CPU.Build.0 = Debug|Any CPU
		{95DFF35F-5E1F-4BF4-80F3-C282B4758171}.Release|Any CPU.ActiveCfg = Release|Any CPU
		{95DFF35F-5E1F-4BF4-80F3-C282B4758171}.Release|Any CPU.Build.0 = Release|Any CPU
	EndGlobalSection
	GlobalSection(SolutionProperties) = preSolution
		HideSolutionNode = FALSE
	EndGlobalSection
EndGlobal
